
Microsoft Visual Studio Solution File, Format Version 12.00
# Visual Studio Version 16
VisualStudioVersion = 16.0.30320.27
MinimumVisualStudioVersion = 10.0.40219.1
Project("{FAE04EC0-301F-11D3-BF4B-00C04F79EFBC}") = "Nrslib.Enums", "src\Nrslib.Enums\Nrslib.Enums.csproj", "{572A3098-7A6B-42D0-8F1E-74D869A00ECA}"
EndProject
Global
	GlobalSection(SolutionConfigurationPlatforms) = preSolution
		Debug|Any CPU = Debug|Any CPU
		Release|Any CPU = Release|Any CPU
	EndGlobalSection
	GlobalSection(ProjectConfigurationPlatforms) = postSolution
		{572A3098-7A6B-42D0-8F1E-74D869A00ECA}.Debug|Any CPU.ActiveCfg = Debug|Any CPU
		{572A3098-7A6B-42D0-8F1E-74D869A00ECA}.Debug|Any CPU.Build.0 = Debug|Any CPU
		{572A3098-7A6B-42D0-8F1E-74D869A00ECA}.Release|Any CPU.ActiveCfg = Release|Any CPU
		{572A3098-7A6B-42D0-8F1E-74D869A00ECA}.Release|Any CPU.Build.0 = Release|Any CPU
	EndGlobalSection
	GlobalSection(SolutionProperties) = preSolution
		HideSolutionNode = FALSE
	EndGlobalSection
	GlobalSection(ExtensibilityGlobals) = postSolution
		SolutionGuid = {9F4ACA29-4A3E-4CD6-816D-D60BFEBA465C}
	EndGlobalSection
EndGlobal
